
Microsoft Visual Studio Solution File, Format Version 12.00
# Visual Studio Version 17
VisualStudioVersion = 17.8.34511.84
MinimumVisualStudioVersion = 10.0.40219.1
Project("{FAE04EC0-301F-11D3-BF4B-00C04F79EFBC}") = "Prog6221_Part-2_VuyoNeoMokoatle_ST10194124", "Prog6221_Part-2_VuyoNeoMokoatle_ST10194124\Prog6221_Part-2_VuyoNeoMokoatle_ST10194124.csproj", "{51277C86-044A-428C-BB6E-C2085122C768}"
EndProject
Global
	GlobalSection(SolutionConfigurationPlatforms) = preSolution
		Debug|Any CPU = Debug|Any CPU
		Release|Any CPU = Release|Any CPU
	EndGlobalSection
	GlobalSection(ProjectConfigurationPlatforms) = postSolution
		{51277C86-044A-428C-BB6E-C2085122C768}.Debug|Any CPU.ActiveCfg = Debug|Any CPU
		{51277C86-044A-428C-BB6E-C2085122C768}.Debug|Any CPU.Build.0 = Debug|Any CPU
		{51277C86-044A-428C-BB6E-C2085122C768}.Release|Any CPU.ActiveCfg = Release|Any CPU
		{51277C86-044A-428C-BB6E-C2085122C768}.Release|Any CPU.Build.0 = Release|Any CPU
	EndGlobalSection
	GlobalSection(SolutionProperties) = preSolution
		HideSolutionNode = FALSE
	EndGlobalSection
	GlobalSection(ExtensibilityGlobals) = postSolution
		SolutionGuid = {8D36007A-7B80-4BD2-8347-2E41A52B081E}
	EndGlobalSection
EndGlobal
